
Microsoft Visual Studio Solution File, Format Version 12.00
# Visual Studio Version 17
VisualStudioVersion = 17.0.31903.59
MinimumVisualStudioVersion = 10.0.40219.1
Project("{FAE04EC0-301F-11D3-BF4B-00C04F79EFBC}") = "GrpcGreeterClient", "GrpcGreeterClient\GrpcGreeterClient.csproj", "{F6357756-8409-4202-81C3-91C8EB2090BD}"
EndProject
Global
	GlobalSection(SolutionConfigurationPlatforms) = preSolution
		Debug|Any CPU = Debug|Any CPU
		Release|Any CPU = Release|Any CPU
	EndGlobalSection
	GlobalSection(ProjectConfigurationPlatforms) = postSolution
		{F6357756-8409-4202-81C3-91C8EB2090BD}.Debug|Any CPU.ActiveCfg = Debug|Any CPU
		{F6357756-8409-4202-81C3-91C8EB2090BD}.Debug|Any CPU.Build.0 = Debug|Any CPU
		{F6357756-8409-4202-81C3-91C8EB2090BD}.Release|Any CPU.ActiveCfg = Release|Any CPU
		{F6357756-8409-4202-81C3-91C8EB2090BD}.Release|Any CPU.Build.0 = Release|Any CPU
	EndGlobalSection
	GlobalSection(SolutionProperties) = preSolution
		HideSolutionNode = FALSE
	EndGlobalSection
	GlobalSection(ExtensibilityGlobals) = postSolution
		SolutionGuid = {22F05F92-52A8-4CE6-8F8F-777C28475C71}
	EndGlobalSection
EndGlobal
